
Microsoft Visual Studio Solution File, Format Version 10.00
# Visual Studio 2008
Project("{2150E333-8FDC-42A3-9474-1A3956D46DE8}") = "Data", "Data", "{29C5C89F-901C-4804-8A0D-B085445B48E3}"
	ProjectSection(SolutionItems) = preProject
		Data\Samples\TestResults.xml = Data\Samples\TestResults.xml
	EndProjectSection
EndProject
Project("{2150E333-8FDC-42A3-9474-1A3956D46DE8}") = "Samples", "Samples", "{FBCD0FCA-E178-493F-BF6B-D4004FEF975A}"
	ProjectSection(SolutionItems) = preProject
		Data\Samples\AcceptanceTestResults.xml = Data\Samples\AcceptanceTestResults.xml
		Data\Samples\AccipioTestReportSample.xml = Data\Samples\AccipioTestReportSample.xml
		Data\Samples\AspxSample.aspx = Data\Samples\AspxSample.aspx
		Data\Samples\BusinessActions.xml = Data\Samples\BusinessActions.xml
		Data\Samples\ccnet.stats.xml = Data\Samples\ccnet.stats.xml
		Data\Samples\GallioReportSample.xml = Data\Samples\GallioReportSample.xml
		Data\Samples\Hsl.Ganesha.DBAccess.csproj = Data\Samples\Hsl.Ganesha.DBAccess.csproj
		Data\Samples\LocSample.cs = Data\Samples\LocSample.cs
		Data\Samples\ProjectPilot.Framework.csproj = Data\Samples\ProjectPilot.Framework.csproj
		Data\Samples\ProjectPilot.Portal.csproj = Data\Samples\ProjectPilot.Portal.csproj
		Data\Samples\ProjectPortalActions.xml = Data\Samples\ProjectPortalActions.xml
		Data\Samples\ProjectPortalTestSuite.xml = Data\Samples\ProjectPortalTestSuite.xml
		Data\Samples\svn-log.xml = Data\Samples\svn-log.xml
		Data\Samples\TestResults-0.xml = Data\Samples\TestResults-0.xml
		Data\Samples\TestResults.xml = Data\Samples\TestResults.xml
		Data\Samples\TestServer.log = Data\Samples\TestServer.log
		Data\Samples\TestSpec.xml = Data\Samples\TestSpec.xml
		Data\Samples\TestSpecs.xsd = Data\Samples\TestSpecs.xsd
		Data\Samples\TestSuite.xml = Data\Samples\TestSuite.xml
	EndProjectSection
EndProject
Project("{FAE04EC0-301F-11D3-BF4B-00C04F79EFBC}") = "ProjectPilot.Framework", "ProjectPilot.Framework\ProjectPilot.Framework.csproj", "{C87F10BF-4132-4B75-9C07-CB0B1FCE6440}"
EndProject
Project("{FAE04EC0-301F-11D3-BF4B-00C04F79EFBC}") = "ProjectPilot.Tests", "ProjectPilot.Tests\ProjectPilot.Tests.csproj", "{AAF9E493-30D9-4372-8D69-6D346DB05489}"
EndProject
Project("{FAE04EC0-301F-11D3-BF4B-00C04F79EFBC}") = "ProjectPilot.Portal", "ProjectPilot.Portal\ProjectPilot.Portal.csproj", "{6DA03484-3AE8-44AC-A479-4A1155EAF9E7}"
EndProject
Project("{2150E333-8FDC-42A3-9474-1A3956D46DE8}") = "Templates", "Templates", "{0EBE64E9-CBA6-428D-B4BE-42ED11B35896}"
	ProjectSection(SolutionItems) = preProject
		Data\Templates\CCNetReportStatistics.vm = Data\Templates\CCNetReportStatistics.vm
		Data\Templates\RevisionControlHistory.vm = Data\Templates\RevisionControlHistory.vm
	EndProjectSection
EndProject
Project("{2150E333-8FDC-42A3-9474-1A3956D46DE8}") = "Solution Items", "Solution Items", "{BB954124-DAFA-410B-B0DE-671B1DEB1024}"
	ProjectSection(SolutionItems) = preProject
		Build.bat = Build.bat
		ChangeLog.txt = ChangeLog.txt
		CustomDictionary.xml = CustomDictionary.xml
		Scripts\NAntCommon.build = Scripts\NAntCommon.build
		PrepareBuildScript.bat = PrepareBuildScript.bat
		ProjectPilot.build = ProjectPilot.build
		ProjectPilot.FxCop = ProjectPilot.FxCop
		ProjectPilot.NCoverExplorer.config = ProjectPilot.NCoverExplorer.config
		ProjectPilot.ProjectVersion.txt = ProjectPilot.ProjectVersion.txt
		Todo.txt = Todo.txt
	EndProjectSection
EndProject
Project("{FAE04EC0-301F-11D3-BF4B-00C04F79EFBC}") = "ProjectPilot.BuildScripts", "ProjectPilot.BuildScripts\ProjectPilot.BuildScripts.csproj", "{37E1DED5-072D-456C-9FC2-465A7784C56F}"
EndProject
Project("{FAE04EC0-301F-11D3-BF4B-00C04F79EFBC}") = "ProjectPilot.Extras", "ProjectPilot.Extras\ProjectPilot.Extras.csproj", "{59083E4A-3659-4D8E-805F-52321D1B84DE}"
EndProject
Project("{FAE04EC0-301F-11D3-BF4B-00C04F79EFBC}") = "Flubu", "Flubu\Flubu.csproj", "{5E8B73D7-B9DC-4DCF-93B6-4BFB5E845575}"
EndProject
Project("{FAE04EC0-301F-11D3-BF4B-00C04F79EFBC}") = "Accipio", "Accipio\Accipio.csproj", "{97619247-E00B-41B7-AF3F-D24A35F6602A}"
EndProject
Project("{FAE04EC0-301F-11D3-BF4B-00C04F79EFBC}") = "Accipio.Console", "Accipio.Console\Accipio.Console.csproj", "{2A84FEA1-0FC3-4885-B25A-F25C14978C7E}"
EndProject
Project("{FAE04EC0-301F-11D3-BF4B-00C04F79EFBC}") = "ProjectPilot.Log4NetBrowser", "ProjectPilot.Log4NetBrowser\ProjectPilot.Log4NetBrowser.csproj", "{696D13ED-BA42-423B-B179-ED1EB3034F62}"
EndProject
Project("{FAE04EC0-301F-11D3-BF4B-00C04F79EFBC}") = "Headless", "Headless\Headless.csproj", "{6917FFA0-9179-45D3-A24E-C639E24B6CF3}"
EndProject
Global
	GlobalSection(SolutionConfigurationPlatforms) = preSolution
		Debug|Any CPU = Debug|Any CPU
		Release|Any CPU = Release|Any CPU
	EndGlobalSection
	GlobalSection(ProjectConfigurationPlatforms) = postSolution
		{C87F10BF-4132-4B75-9C07-CB0B1FCE6440}.Debug|Any CPU.ActiveCfg = Debug|Any CPU
		{C87F10BF-4132-4B75-9C07-CB0B1FCE6440}.Debug|Any CPU.Build.0 = Debug|Any CPU
		{C87F10BF-4132-4B75-9C07-CB0B1FCE6440}.Release|Any CPU.ActiveCfg = Release|Any CPU
		{C87F10BF-4132-4B75-9C07-CB0B1FCE6440}.Release|Any CPU.Build.0 = Release|Any CPU
		{AAF9E493-30D9-4372-8D69-6D346DB05489}.Debug|Any CPU.ActiveCfg = Debug|Any CPU
		{AAF9E493-30D9-4372-8D69-6D346DB05489}.Debug|Any CPU.Build.0 = Debug|Any CPU
		{AAF9E493-30D9-4372-8D69-6D346DB05489}.Release|Any CPU.ActiveCfg = Release|Any CPU
		{AAF9E493-30D9-4372-8D69-6D346DB05489}.Release|Any CPU.Build.0 = Release|Any CPU
		{6DA03484-3AE8-44AC-A479-4A1155EAF9E7}.Debug|Any CPU.ActiveCfg = Debug|Any CPU
		{6DA03484-3AE8-44AC-A479-4A1155EAF9E7}.Debug|Any CPU.Build.0 = Debug|Any CPU
		{6DA03484-3AE8-44AC-A479-4A1155EAF9E7}.Release|Any CPU.ActiveCfg = Release|Any CPU
		{6DA03484-3AE8-44AC-A479-4A1155EAF9E7}.Release|Any CPU.Build.0 = Release|Any CPU
		{37E1DED5-072D-456C-9FC2-465A7784C56F}.Debug|Any CPU.ActiveCfg = Debug|Any CPU
		{37E1DED5-072D-456C-9FC2-465A7784C56F}.Debug|Any CPU.Build.0 = Debug|Any CPU
		{37E1DED5-072D-456C-9FC2-465A7784C56F}.Release|Any CPU.ActiveCfg = Release|Any CPU
		{37E1DED5-072D-456C-9FC2-465A7784C56F}.Release|Any CPU.Build.0 = Release|Any CPU
		{59083E4A-3659-4D8E-805F-52321D1B84DE}.Debug|Any CPU.ActiveCfg = Debug|Any CPU
		{59083E4A-3659-4D8E-805F-52321D1B84DE}.Debug|Any CPU.Build.0 = Debug|Any CPU
		{59083E4A-3659-4D8E-805F-52321D1B84DE}.Release|Any CPU.ActiveCfg = Release|Any CPU
		{59083E4A-3659-4D8E-805F-52321D1B84DE}.Release|Any CPU.Build.0 = Release|Any CPU
		{5E8B73D7-B9DC-4DCF-93B6-4BFB5E845575}.Debug|Any CPU.ActiveCfg = Debug|Any CPU
		{5E8B73D7-B9DC-4DCF-93B6-4BFB5E845575}.Debug|Any CPU.Build.0 = Debug|Any CPU
		{5E8B73D7-B9DC-4DCF-93B6-4BFB5E845575}.Release|Any CPU.ActiveCfg = Release|Any CPU
		{5E8B73D7-B9DC-4DCF-93B6-4BFB5E845575}.Release|Any CPU.Build.0 = Release|Any CPU
		{97619247-E00B-41B7-AF3F-D24A35F6602A}.Debug|Any CPU.ActiveCfg = Debug|Any CPU
		{97619247-E00B-41B7-AF3F-D24A35F6602A}.Debug|Any CPU.Build.0 = Debug|Any CPU
		{97619247-E00B-41B7-AF3F-D24A35F6602A}.Release|Any CPU.ActiveCfg = Release|Any CPU
		{97619247-E00B-41B7-AF3F-D24A35F6602A}.Release|Any CPU.Build.0 = Release|Any CPU
		{2A84FEA1-0FC3-4885-B25A-F25C14978C7E}.Debug|Any CPU.ActiveCfg = Debug|Any CPU
		{2A84FEA1-0FC3-4885-B25A-F25C14978C7E}.Debug|Any CPU.Build.0 = Debug|Any CPU
		{2A84FEA1-0FC3-4885-B25A-F25C14978C7E}.Release|Any CPU.ActiveCfg = Release|Any CPU
		{2A84FEA1-0FC3-4885-B25A-F25C14978C7E}.Release|Any CPU.Build.0 = Release|Any CPU
		{696D13ED-BA42-423B-B179-ED1EB3034F62}.Debug|Any CPU.ActiveCfg = Debug|Any CPU
		{696D13ED-BA42-423B-B179-ED1EB3034F62}.Debug|Any CPU.Build.0 = Debug|Any CPU
		{696D13ED-BA42-423B-B179-ED1EB3034F62}.Release|Any CPU.ActiveCfg = Release|Any CPU
		{696D13ED-BA42-423B-B179-ED1EB3034F62}.Release|Any CPU.Build.0 = Release|Any CPU
		{6917FFA0-9179-45D3-A24E-C639E24B6CF3}.Debug|Any CPU.ActiveCfg = Debug|Any CPU
		{6917FFA0-9179-45D3-A24E-C639E24B6CF3}.Debug|Any CPU.Build.0 = Debug|Any CPU
		{6917FFA0-9179-45D3-A24E-C639E24B6CF3}.Release|Any CPU.ActiveCfg = Release|Any CPU
		{6917FFA0-9179-45D3-A24E-C639E24B6CF3}.Release|Any CPU.Build.0 = Release|Any CPU
	EndGlobalSection
	GlobalSection(SolutionProperties) = preSolution
		HideSolutionNode = FALSE
	EndGlobalSection
	GlobalSection(NestedProjects) = preSolution
		{FBCD0FCA-E178-493F-BF6B-D4004FEF975A} = {29C5C89F-901C-4804-8A0D-B085445B48E3}
		{0EBE64E9-CBA6-428D-B4BE-42ED11B35896} = {29C5C89F-901C-4804-8A0D-B085445B48E3}
	EndGlobalSection
EndGlobal
